
Microsoft Visual Studio Solution File, Format Version 12.00
# Visual Studio 15
VisualStudioVersion = 15.0.28307.271
MinimumVisualStudioVersion = 10.0.40219.1
Project("{FAE04EC0-301F-11D3-BF4B-00C04F79EFBC}") = "FoodBoard", "FoodBoard\FoodBoard.csproj", "{AE2A7964-DFD6-40DA-AB4B-E2004468B88F}"
EndProject
Global
	GlobalSection(SolutionConfigurationPlatforms) = preSolution
		Debug|Any CPU = Debug|Any CPU
		Release|Any CPU = Release|Any CPU
	EndGlobalSection
	GlobalSection(ProjectConfigurationPlatforms) = postSolution
		{AE2A7964-DFD6-40DA-AB4B-E2004468B88F}.Debug|Any CPU.ActiveCfg = Debug|Any CPU
		{AE2A7964-DFD6-40DA-AB4B-E2004468B88F}.Debug|Any CPU.Build.0 = Debug|Any CPU
		{AE2A7964-DFD6-40DA-AB4B-E2004468B88F}.Release|Any CPU.ActiveCfg = Release|Any CPU
		{AE2A7964-DFD6-40DA-AB4B-E2004468B88F}.Release|Any CPU.Build.0 = Release|Any CPU
	EndGlobalSection
	GlobalSection(SolutionProperties) = preSolution
		HideSolutionNode = FALSE
	EndGlobalSection
	GlobalSection(ExtensibilityGlobals) = postSolution
		SolutionGuid = {195DF6D5-730D-4996-BB09-582F7A1724A9}
	EndGlobalSection
EndGlobal
